
Microsoft Visual Studio Solution File, Format Version 12.00
# Visual Studio Version 16
VisualStudioVersion = 16.0.29709.97
MinimumVisualStudioVersion = 10.0.40219.1
Project("{FAE04EC0-301F-11D3-BF4B-00C04F79EFBC}") = "TestRestAPI3", "TestRestAPI3.csproj", "{0A986FBB-FFFB-4C03-9C77-5DC65968427E}"
EndProject
Project("{9A19103F-16F7-4668-BE54-9A1E7A4F7556}") = "TestRestAPITests", "..\TestRestAPITests\TestRestAPITests.csproj", "{3743A620-837A-44AA-8F1D-BD66D5481125}"
EndProject
Global
	GlobalSection(SolutionConfigurationPlatforms) = preSolution
		Debug|Any CPU = Debug|Any CPU
		Release|Any CPU = Release|Any CPU
	EndGlobalSection
	GlobalSection(ProjectConfigurationPlatforms) = postSolution
		{0A986FBB-FFFB-4C03-9C77-5DC65968427E}.Debug|Any CPU.ActiveCfg = Debug|Any CPU
		{0A986FBB-FFFB-4C03-9C77-5DC65968427E}.Debug|Any CPU.Build.0 = Debug|Any CPU
		{0A986FBB-FFFB-4C03-9C77-5DC65968427E}.Release|Any CPU.ActiveCfg = Release|Any CPU
		{0A986FBB-FFFB-4C03-9C77-5DC65968427E}.Release|Any CPU.Build.0 = Release|Any CPU
		{3743A620-837A-44AA-8F1D-BD66D5481125}.Debug|Any CPU.ActiveCfg = Debug|Any CPU
		{3743A620-837A-44AA-8F1D-BD66D5481125}.Debug|Any CPU.Build.0 = Debug|Any CPU
		{3743A620-837A-44AA-8F1D-BD66D5481125}.Release|Any CPU.ActiveCfg = Release|Any CPU
		{3743A620-837A-44AA-8F1D-BD66D5481125}.Release|Any CPU.Build.0 = Release|Any CPU
	EndGlobalSection
	GlobalSection(SolutionProperties) = preSolution
		HideSolutionNode = FALSE
	EndGlobalSection
	GlobalSection(ExtensibilityGlobals) = postSolution
		SolutionGuid = {E7DF8E7E-850C-41B4-9B8D-8F5A918C099D}
	EndGlobalSection
EndGlobal
